
Microsoft Visual Studio Solution File, Format Version 12.00
# Visual Studio Version 16
VisualStudioVersion = 16.0.31613.86
MinimumVisualStudioVersion = 10.0.40219.1
Project("{FAE04EC0-301F-11D3-BF4B-00C04F79EFBC}") = "Parte001", "Parte001\Parte001.csproj", "{7C703582-4676-4051-8B9A-103E6996A3DA}"
EndProject
Project("{FAE04EC0-301F-11D3-BF4B-00C04F79EFBC}") = "Parte002", "Parte002\Parte002.csproj", "{6AF491AC-337C-442E-8754-BE8C3631007D}"
EndProject
Project("{FAE04EC0-301F-11D3-BF4B-00C04F79EFBC}") = "Parte003", "Parte003\Parte003.csproj", "{A3571889-0EB0-42D8-9A0A-A81BA4FD775C}"
EndProject
Project("{FAE04EC0-301F-11D3-BF4B-00C04F79EFBC}") = "Parte004", "Parte004\Parte004.csproj", "{4A8B5AE6-C497-4A8D-BC57-E43FD07F190A}"
EndProject
Project("{FAE04EC0-301F-11D3-BF4B-00C04F79EFBC}") = "Parte005", "Parte005\Parte005.csproj", "{1C94B3B7-074D-45DC-B316-39125817DD2C}"
EndProject
Project("{FAE04EC0-301F-11D3-BF4B-00C04F79EFBC}") = "Parte006", "Parte006\Parte006.csproj", "{CB2913E8-AA4A-44A4-A8D0-EA5D1E3D9629}"
EndProject
Project("{FAE04EC0-301F-11D3-BF4B-00C04F79EFBC}") = "Parte007", "Parte007\Parte007.csproj", "{6BA64252-2F61-41EB-91F1-A253E7FE84FD}"
EndProject
Project("{FAE04EC0-301F-11D3-BF4B-00C04F79EFBC}") = "Parte008", "Parte008\Parte008.csproj", "{651C54B7-46B8-4363-B156-CA36845733FA}"
EndProject
Project("{FAE04EC0-301F-11D3-BF4B-00C04F79EFBC}") = "Parte009", "Parte009\Parte009.csproj", "{5FA2D507-71C2-4F76-B510-EAF4CFBDCC6C}"
EndProject
Project("{FAE04EC0-301F-11D3-BF4B-00C04F79EFBC}") = "Parte010", "Parte010\Parte010.csproj", "{408014B1-E669-495A-90D8-410776782A0F}"
EndProject
Project("{FAE04EC0-301F-11D3-BF4B-00C04F79EFBC}") = "Parte011", "Parte011\Parte011.csproj", "{D0437C4B-C796-4D79-865E-BFFB5576B1BA}"
EndProject
Project("{FAE04EC0-301F-11D3-BF4B-00C04F79EFBC}") = "Parte012", "Parte012\Parte012.csproj", "{107A2D79-CB43-44B3-866E-372EBF22A4B6}"
EndProject
Project("{FAE04EC0-301F-11D3-BF4B-00C04F79EFBC}") = "Parte013", "Parte013\Parte013.csproj", "{A9B41390-A8B7-48A9-8DFE-A62DE8760F75}"
EndProject
Project("{FAE04EC0-301F-11D3-BF4B-00C04F79EFBC}") = "Parte014", "Parte014\Parte014.csproj", "{A65FD679-CCBD-4488-B411-71215FF3C2D4}"
EndProject
Project("{FAE04EC0-301F-11D3-BF4B-00C04F79EFBC}") = "Parte015", "Parte15\Parte015.csproj", "{C4F5615C-D5F0-4899-B714-D85E1FDAE2A3}"
EndProject
Project("{FAE04EC0-301F-11D3-BF4B-00C04F79EFBC}") = "Parte016", "Parte016\Parte016.csproj", "{0CE9C6DE-781E-47FA-B280-AF7F82CB009A}"
EndProject
Project("{FAE04EC0-301F-11D3-BF4B-00C04F79EFBC}") = "Parte017", "Parte017\Parte017.csproj", "{FFAE2E63-E4A6-4A92-A61D-52AD564E8959}"
EndProject
Project("{FAE04EC0-301F-11D3-BF4B-00C04F79EFBC}") = "Parte018", "Parte018\Parte018.csproj", "{67EF07BD-69AB-4100-A58B-C42652379F65}"
EndProject
Project("{FAE04EC0-301F-11D3-BF4B-00C04F79EFBC}") = "Parte019", "Parte019\Parte019.csproj", "{FEDF9112-9D05-4B7B-8615-BBA901F6ED5E}"
EndProject
Project("{FAE04EC0-301F-11D3-BF4B-00C04F79EFBC}") = "Parte020", "Parte020\Parte020.csproj", "{605A38DB-B765-40DF-ABED-1731B3D519A1}"
EndProject
Project("{FAE04EC0-301F-11D3-BF4B-00C04F79EFBC}") = "Parte021", "Parte021\Parte021.csproj", "{571A4290-EC1D-4FAD-B694-0FBC3216DEC3}"
EndProject
Project("{FAE04EC0-301F-11D3-BF4B-00C04F79EFBC}") = "Parte022", "Parte022\Parte022.csproj", "{CB7DDE03-6D67-441B-8BFD-55DA52F5015F}"
EndProject
Project("{FAE04EC0-301F-11D3-BF4B-00C04F79EFBC}") = "Parte023", "Parte023\Parte023.csproj", "{6EF2077A-6F8E-4CE8-96D0-1F32EC25CC1A}"
EndProject
Project("{FAE04EC0-301F-11D3-BF4B-00C04F79EFBC}") = "Parte024", "Parte024\Parte024.csproj", "{BB271925-5E7E-483B-8279-0A07B7533F63}"
EndProject
Project("{FAE04EC0-301F-11D3-BF4B-00C04F79EFBC}") = "Parte025", "Parte025\Parte025.csproj", "{88BA1AE7-9603-4312-9574-B2E32C9A7ACD}"
EndProject
Project("{FAE04EC0-301F-11D3-BF4B-00C04F79EFBC}") = "Parte026", "Parte026\Parte026.csproj", "{19106F39-2FFC-4EF2-9F85-CA496C5C226A}"
EndProject
Project("{FAE04EC0-301F-11D3-BF4B-00C04F79EFBC}") = "Parte027", "Parte027\Parte027.csproj", "{D77D2CD6-8A3A-41F3-A56D-191128318B5C}"
EndProject
Project("{FAE04EC0-301F-11D3-BF4B-00C04F79EFBC}") = "Parte028", "Parte028\Parte028.csproj", "{3C05C558-8F38-4884-9560-9C564E859AC8}"
EndProject
Project("{FAE04EC0-301F-11D3-BF4B-00C04F79EFBC}") = "Parte029", "Parte029\Parte029.csproj", "{1C3BA07F-C327-4695-BB26-0C47AFAA8B4D}"
EndProject
Project("{FAE04EC0-301F-11D3-BF4B-00C04F79EFBC}") = "Parte030", "Parte030\Parte030.csproj", "{79E20538-008A-4424-96E5-6635F544FF11}"
EndProject
Project("{FAE04EC0-301F-11D3-BF4B-00C04F79EFBC}") = "Parte031", "Parte031\Parte031.csproj", "{F956AA5E-16F6-4AB4-869E-9F81080F4D2E}"
EndProject
Project("{FAE04EC0-301F-11D3-BF4B-00C04F79EFBC}") = "Parte032", "Parte032\Parte032.csproj", "{5F81058F-FBEF-4916-83C7-5E667BC6C78B}"
EndProject
Project("{FAE04EC0-301F-11D3-BF4B-00C04F79EFBC}") = "Parte033", "Parte033\Parte033.csproj", "{5BBA7B3B-C3D3-46DE-A59F-CF5E3C95D7A5}"
EndProject
Project("{FAE04EC0-301F-11D3-BF4B-00C04F79EFBC}") = "Parte034", "Parte034\Parte034.csproj", "{6DB15ED4-6C11-4F93-A46F-A7D3AE10F569}"
EndProject
Project("{FAE04EC0-301F-11D3-BF4B-00C04F79EFBC}") = "Parte035", "Parte035\Parte035.csproj", "{596F5A16-AC2E-4FE8-9FF7-57FB1B1CBF2B}"
EndProject
Project("{FAE04EC0-301F-11D3-BF4B-00C04F79EFBC}") = "Parte036", "Parte036\Parte036.csproj", "{9C7C5E40-81E0-41B2-ABED-40F76E492CD0}"
EndProject
Project("{FAE04EC0-301F-11D3-BF4B-00C04F79EFBC}") = "Parte037", "Parte037\Parte037.csproj", "{EA173C81-8C1F-4695-9473-3611139504B6}"
EndProject
Project("{FAE04EC0-301F-11D3-BF4B-00C04F79EFBC}") = "Parte038", "Parte038\Parte038.csproj", "{07EEB473-36A0-40E3-B0D2-E53016DDD4CB}"
EndProject
Project("{FAE04EC0-301F-11D3-BF4B-00C04F79EFBC}") = "Parte039", "Parte039\Parte039.csproj", "{CDFC72A3-FE1B-4ADA-9D12-87F3E3F9D738}"
EndProject
Project("{FAE04EC0-301F-11D3-BF4B-00C04F79EFBC}") = "Parte040", "Parte040\Parte040.csproj", "{22769633-90EB-449B-8C82-D0EE2954AA7A}"
EndProject
Project("{FAE04EC0-301F-11D3-BF4B-00C04F79EFBC}") = "Parte041", "Parte041\Parte041.csproj", "{8900854C-53B3-42DC-94F6-EC66EA99379D}"
EndProject
Project("{FAE04EC0-301F-11D3-BF4B-00C04F79EFBC}") = "Parte042", "Parte042\Parte042.csproj", "{E6296B01-9558-4FC1-837D-449FC83F2499}"
EndProject
Project("{FAE04EC0-301F-11D3-BF4B-00C04F79EFBC}") = "Parte043", "Parte043\Parte043.csproj", "{81269218-3EC2-4705-9C60-72A89E4E4FA1}"
EndProject
Global
	GlobalSection(SolutionConfigurationPlatforms) = preSolution
		Debug|Any CPU = Debug|Any CPU
		Release|Any CPU = Release|Any CPU
	EndGlobalSection
	GlobalSection(ProjectConfigurationPlatforms) = postSolution
		{7C703582-4676-4051-8B9A-103E6996A3DA}.Debug|Any CPU.ActiveCfg = Debug|Any CPU
		{7C703582-4676-4051-8B9A-103E6996A3DA}.Debug|Any CPU.Build.0 = Debug|Any CPU
		{7C703582-4676-4051-8B9A-103E6996A3DA}.Release|Any CPU.ActiveCfg = Release|Any CPU
		{7C703582-4676-4051-8B9A-103E6996A3DA}.Release|Any CPU.Build.0 = Release|Any CPU
		{6AF491AC-337C-442E-8754-BE8C3631007D}.Debug|Any CPU.ActiveCfg = Debug|Any CPU
		{6AF491AC-337C-442E-8754-BE8C3631007D}.Debug|Any CPU.Build.0 = Debug|Any CPU
		{6AF491AC-337C-442E-8754-BE8C3631007D}.Release|Any CPU.ActiveCfg = Release|Any CPU
		{6AF491AC-337C-442E-8754-BE8C3631007D}.Release|Any CPU.Build.0 = Release|Any CPU
		{A3571889-0EB0-42D8-9A0A-A81BA4FD775C}.Debug|Any CPU.ActiveCfg = Debug|Any CPU
		{A3571889-0EB0-42D8-9A0A-A81BA4FD775C}.Debug|Any CPU.Build.0 = Debug|Any CPU
		{A3571889-0EB0-42D8-9A0A-A81BA4FD775C}.Release|Any CPU.ActiveCfg = Release|Any CPU
		{A3571889-0EB0-42D8-9A0A-A81BA4FD775C}.Release|Any CPU.Build.0 = Release|Any CPU
		{4A8B5AE6-C497-4A8D-BC57-E43FD07F190A}.Debug|Any CPU.ActiveCfg = Debug|Any CPU
		{4A8B5AE6-C497-4A8D-BC57-E43FD07F190A}.Debug|Any CPU.Build.0 = Debug|Any CPU
		{4A8B5AE6-C497-4A8D-BC57-E43FD07F190A}.Release|Any CPU.ActiveCfg = Release|Any CPU
		{4A8B5AE6-C497-4A8D-BC57-E43FD07F190A}.Release|Any CPU.Build.0 = Release|Any CPU
		{1C94B3B7-074D-45DC-B316-39125817DD2C}.Debug|Any CPU.ActiveCfg = Debug|Any CPU
		{1C94B3B7-074D-45DC-B316-39125817DD2C}.Debug|Any CPU.Build.0 = Debug|Any CPU
		{1C94B3B7-074D-45DC-B316-39125817DD2C}.Release|Any CPU.ActiveCfg = Release|Any CPU
		{1C94B3B7-074D-45DC-B316-39125817DD2C}.Release|Any CPU.Build.0 = Release|Any CPU
		{CB2913E8-AA4A-44A4-A8D0-EA5D1E3D9629}.Debug|Any CPU.ActiveCfg = Debug|Any CPU
		{CB2913E8-AA4A-44A4-A8D0-EA5D1E3D9629}.Debug|Any CPU.Build.0 = Debug|Any CPU
		{CB2913E8-AA4A-44A4-A8D0-EA5D1E3D9629}.Release|Any CPU.ActiveCfg = Release|Any CPU
		{CB2913E8-AA4A-44A4-A8D0-EA5D1E3D9629}.Release|Any CPU.Build.0 = Release|Any CPU
		{6BA64252-2F61-41EB-91F1-A253E7FE84FD}.Debug|Any CPU.ActiveCfg = Debug|Any CPU
		{6BA64252-2F61-41EB-91F1-A253E7FE84FD}.Debug|Any CPU.Build.0 = Debug|Any CPU
		{6BA64252-2F61-41EB-91F1-A253E7FE84FD}.Release|Any CPU.ActiveCfg = Release|Any CPU
		{6BA64252-2F61-41EB-91F1-A253E7FE84FD}.Release|Any CPU.Build.0 = Release|Any CPU
		{651C54B7-46B8-4363-B156-CA36845733FA}.Debug|Any CPU.ActiveCfg = Debug|Any CPU
		{651C54B7-46B8-4363-B156-CA36845733FA}.Debug|Any CPU.Build.0 = Debug|Any CPU
		{651C54B7-46B8-4363-B156-CA36845733FA}.Release|Any CPU.ActiveCfg = Release|Any CPU
		{651C54B7-46B8-4363-B156-CA36845733FA}.Release|Any CPU.Build.0 = Release|Any CPU
		{5FA2D507-71C2-4F76-B510-EAF4CFBDCC6C}.Debug|Any CPU.ActiveCfg = Debug|Any CPU
		{5FA2D507-71C2-4F76-B510-EAF4CFBDCC6C}.Debug|Any CPU.Build.0 = Debug|Any CPU
		{5FA2D507-71C2-4F76-B510-EAF4CFBDCC6C}.Release|Any CPU.ActiveCfg = Release|Any CPU
		{5FA2D507-71C2-4F76-B510-EAF4CFBDCC6C}.Release|Any CPU.Build.0 = Release|Any CPU
		{408014B1-E669-495A-90D8-410776782A0F}.Debug|Any CPU.ActiveCfg = Debug|Any CPU
		{408014B1-E669-495A-90D8-410776782A0F}.Debug|Any CPU.Build.0 = Debug|Any CPU
		{408014B1-E669-495A-90D8-410776782A0F}.Release|Any CPU.ActiveCfg = Release|Any CPU
		{408014B1-E669-495A-90D8-410776782A0F}.Release|Any CPU.Build.0 = Release|Any CPU
		{D0437C4B-C796-4D79-865E-BFFB5576B1BA}.Debug|Any CPU.ActiveCfg = Debug|Any CPU
		{D0437C4B-C796-4D79-865E-BFFB5576B1BA}.Debug|Any CPU.Build.0 = Debug|Any CPU
		{D0437C4B-C796-4D79-865E-BFFB5576B1BA}.Release|Any CPU.ActiveCfg = Release|Any CPU
		{D0437C4B-C796-4D79-865E-BFFB5576B1BA}.Release|Any CPU.Build.0 = Release|Any CPU
		{107A2D79-CB43-44B3-866E-372EBF22A4B6}.Debug|Any CPU.ActiveCfg = Debug|Any CPU
		{107A2D79-CB43-44B3-866E-372EBF22A4B6}.Debug|Any CPU.Build.0 = Debug|Any CPU
		{107A2D79-CB43-44B3-866E-372EBF22A4B6}.Release|Any CPU.ActiveCfg = Release|Any CPU
		{107A2D79-CB43-44B3-866E-372EBF22A4B6}.Release|Any CPU.Build.0 = Release|Any CPU
		{A9B41390-A8B7-48A9-8DFE-A62DE8760F75}.Debug|Any CPU.ActiveCfg = Debug|Any CPU
		{A9B41390-A8B7-48A9-8DFE-A62DE8760F75}.Debug|Any CPU.Build.0 = Debug|Any CPU
		{A9B41390-A8B7-48A9-8DFE-A62DE8760F75}.Release|Any CPU.ActiveCfg = Release|Any CPU
		{A9B41390-A8B7-48A9-8DFE-A62DE8760F75}.Release|Any CPU.Build.0 = Release|Any CPU
		{A65FD679-CCBD-4488-B411-71215FF3C2D4}.Debug|Any CPU.ActiveCfg = Debug|Any CPU
		{A65FD679-CCBD-4488-B411-71215FF3C2D4}.Debug|Any CPU.Build.0 = Debug|Any CPU
		{A65FD679-CCBD-4488-B411-71215FF3C2D4}.Release|Any CPU.ActiveCfg = Release|Any CPU
		{A65FD679-CCBD-4488-B411-71215FF3C2D4}.Release|Any CPU.Build.0 = Release|Any CPU
		{C4F5615C-D5F0-4899-B714-D85E1FDAE2A3}.Debug|Any CPU.ActiveCfg = Debug|Any CPU
		{C4F5615C-D5F0-4899-B714-D85E1FDAE2A3}.Debug|Any CPU.Build.0 = Debug|Any CPU
		{C4F5615C-D5F0-4899-B714-D85E1FDAE2A3}.Release|Any CPU.ActiveCfg = Release|Any CPU
		{C4F5615C-D5F0-4899-B714-D85E1FDAE2A3}.Release|Any CPU.Build.0 = Release|Any CPU
		{0CE9C6DE-781E-47FA-B280-AF7F82CB009A}.Debug|Any CPU.ActiveCfg = Debug|Any CPU
		{0CE9C6DE-781E-47FA-B280-AF7F82CB009A}.Debug|Any CPU.Build.0 = Debug|Any CPU
		{0CE9C6DE-781E-47FA-B280-AF7F82CB009A}.Release|Any CPU.ActiveCfg = Release|Any CPU
		{0CE9C6DE-781E-47FA-B280-AF7F82CB009A}.Release|Any CPU.Build.0 = Release|Any CPU
		{FFAE2E63-E4A6-4A92-A61D-52AD564E8959}.Debug|Any CPU.ActiveCfg = Debug|Any CPU
		{FFAE2E63-E4A6-4A92-A61D-52AD564E8959}.Debug|Any CPU.Build.0 = Debug|Any CPU
		{FFAE2E63-E4A6-4A92-A61D-52AD564E8959}.Release|Any CPU.ActiveCfg = Release|Any CPU
		{FFAE2E63-E4A6-4A92-A61D-52AD564E8959}.Release|Any CPU.Build.0 = Release|Any CPU
		{67EF07BD-69AB-4100-A58B-C42652379F65}.Debug|Any CPU.ActiveCfg = Debug|Any CPU
		{67EF07BD-69AB-4100-A58B-C42652379F65}.Debug|Any CPU.Build.0 = Debug|Any CPU
		{67EF07BD-69AB-4100-A58B-C42652379F65}.Release|Any CPU.ActiveCfg = Release|Any CPU
		{67EF07BD-69AB-4100-A58B-C42652379F65}.Release|Any CPU.Build.0 = Release|Any CPU
		{FEDF9112-9D05-4B7B-8615-BBA901F6ED5E}.Debug|Any CPU.ActiveCfg = Debug|Any CPU
		{FEDF9112-9D05-4B7B-8615-BBA901F6ED5E}.Debug|Any CPU.Build.0 = Debug|Any CPU
		{FEDF9112-9D05-4B7B-8615-BBA901F6ED5E}.Release|Any CPU.ActiveCfg = Release|Any CPU
		{FEDF9112-9D05-4B7B-8615-BBA901F6ED5E}.Release|Any CPU.Build.0 = Release|Any CPU
		{605A38DB-B765-40DF-ABED-1731B3D519A1}.Debug|Any CPU.ActiveCfg = Debug|Any CPU
		{605A38DB-B765-40DF-ABED-1731B3D519A1}.Debug|Any CPU.Build.0 = Debug|Any CPU
		{605A38DB-B765-40DF-ABED-1731B3D519A1}.Release|Any CPU.ActiveCfg = Release|Any CPU
		{605A38DB-B765-40DF-ABED-1731B3D519A1}.Release|Any CPU.Build.0 = Release|Any CPU
		{571A4290-EC1D-4FAD-B694-0FBC3216DEC3}.Debug|Any CPU.ActiveCfg = Debug|Any CPU
		{571A4290-EC1D-4FAD-B694-0FBC3216DEC3}.Debug|Any CPU.Build.0 = Debug|Any CPU
		{571A4290-EC1D-4FAD-B694-0FBC3216DEC3}.Release|Any CPU.ActiveCfg = Release|Any CPU
		{571A4290-EC1D-4FAD-B694-0FBC3216DEC3}.Release|Any CPU.Build.0 = Release|Any CPU
		{CB7DDE03-6D67-441B-8BFD-55DA52F5015F}.Debug|Any CPU.ActiveCfg = Debug|Any CPU
		{CB7DDE03-6D67-441B-8BFD-55DA52F5015F}.Debug|Any CPU.Build.0 = Debug|Any CPU
		{CB7DDE03-6D67-441B-8BFD-55DA52F5015F}.Release|Any CPU.ActiveCfg = Release|Any CPU
		{CB7DDE03-6D67-441B-8BFD-55DA52F5015F}.Release|Any CPU.Build.0 = Release|Any CPU
		{6EF2077A-6F8E-4CE8-96D0-1F32EC25CC1A}.Debug|Any CPU.ActiveCfg = Debug|Any CPU
		{6EF2077A-6F8E-4CE8-96D0-1F32EC25CC1A}.Debug|Any CPU.Build.0 = Debug|Any CPU
		{6EF2077A-6F8E-4CE8-96D0-1F32EC25CC1A}.Release|Any CPU.ActiveCfg = Release|Any CPU
		{6EF2077A-6F8E-4CE8-96D0-1F32EC25CC1A}.Release|Any CPU.Build.0 = Release|Any CPU
		{BB271925-5E7E-483B-8279-0A07B7533F63}.Debug|Any CPU.ActiveCfg = Debug|Any CPU
		{BB271925-5E7E-483B-8279-0A07B7533F63}.Debug|Any CPU.Build.0 = Debug|Any CPU
		{BB271925-5E7E-483B-8279-0A07B7533F63}.Release|Any CPU.ActiveCfg = Release|Any CPU
		{BB271925-5E7E-483B-8279-0A07B7533F63}.Release|Any CPU.Build.0 = Release|Any CPU
		{88BA1AE7-9603-4312-9574-B2E32C9A7ACD}.Debug|Any CPU.ActiveCfg = Debug|Any CPU
		{88BA1AE7-9603-4312-9574-B2E32C9A7ACD}.Debug|Any CPU.Build.0 = Debug|Any CPU
		{88BA1AE7-9603-4312-9574-B2E32C9A7ACD}.Release|Any CPU.ActiveCfg = Release|Any CPU
		{88BA1AE7-9603-4312-9574-B2E32C9A7ACD}.Release|Any CPU.Build.0 = Release|Any CPU
		{19106F39-2FFC-4EF2-9F85-CA496C5C226A}.Debug|Any CPU.ActiveCfg = Debug|Any CPU
		{19106F39-2FFC-4EF2-9F85-CA496C5C226A}.Debug|Any CPU.Build.0 = Debug|Any CPU
		{19106F39-2FFC-4EF2-9F85-CA496C5C226A}.Release|Any CPU.ActiveCfg = Release|Any CPU
		{19106F39-2FFC-4EF2-9F85-CA496C5C226A}.Release|Any CPU.Build.0 = Release|Any CPU
		{D77D2CD6-8A3A-41F3-A56D-191128318B5C}.Debug|Any CPU.ActiveCfg = Debug|Any CPU
		{D77D2CD6-8A3A-41F3-A56D-191128318B5C}.Debug|Any CPU.Build.0 = Debug|Any CPU
		{D77D2CD6-8A3A-41F3-A56D-191128318B5C}.Release|Any CPU.ActiveCfg = Release|Any CPU
		{D77D2CD6-8A3A-41F3-A56D-191128318B5C}.Release|Any CPU.Build.0 = Release|Any CPU
		{3C05C558-8F38-4884-9560-9C564E859AC8}.Debug|Any CPU.ActiveCfg = Debug|Any CPU
		{3C05C558-8F38-4884-9560-9C564E859AC8}.Debug|Any CPU.Build.0 = Debug|Any CPU
		{3C05C558-8F38-4884-9560-9C564E859AC8}.Release|Any CPU.ActiveCfg = Release|Any CPU
		{3C05C558-8F38-4884-9560-9C564E859AC8}.Release|Any CPU.Build.0 = Release|Any CPU
		{1C3BA07F-C327-4695-BB26-0C47AFAA8B4D}.Debug|Any CPU.ActiveCfg = Debug|Any CPU
		{1C3BA07F-C327-4695-BB26-0C47AFAA8B4D}.Debug|Any CPU.Build.0 = Debug|Any CPU
		{1C3BA07F-C327-4695-BB26-0C47AFAA8B4D}.Release|Any CPU.ActiveCfg = Release|Any CPU
		{1C3BA07F-C327-4695-BB26-0C47AFAA8B4D}.Release|Any CPU.Build.0 = Release|Any CPU
		{79E20538-008A-4424-96E5-6635F544FF11}.Debug|Any CPU.ActiveCfg = Debug|Any CPU
		{79E20538-008A-4424-96E5-6635F544FF11}.Debug|Any CPU.Build.0 = Debug|Any CPU
		{79E20538-008A-4424-96E5-6635F544FF11}.Release|Any CPU.ActiveCfg = Release|Any CPU
		{79E20538-008A-4424-96E5-6635F544FF11}.Release|Any CPU.Build.0 = Release|Any CPU
		{F956AA5E-16F6-4AB4-869E-9F81080F4D2E}.Debug|Any CPU.ActiveCfg = Debug|Any CPU
		{F956AA5E-16F6-4AB4-869E-9F81080F4D2E}.Debug|Any CPU.Build.0 = Debug|Any CPU
		{F956AA5E-16F6-4AB4-869E-9F81080F4D2E}.Release|Any CPU.ActiveCfg = Release|Any CPU
		{F956AA5E-16F6-4AB4-869E-9F81080F4D2E}.Release|Any CPU.Build.0 = Release|Any CPU
		{5F81058F-FBEF-4916-83C7-5E667BC6C78B}.Debug|Any CPU.ActiveCfg = Debug|Any CPU
		{5F81058F-FBEF-4916-83C7-5E667BC6C78B}.Debug|Any CPU.Build.0 = Debug|Any CPU
		{5F81058F-FBEF-4916-83C7-5E667BC6C78B}.Release|Any CPU.ActiveCfg = Release|Any CPU
		{5F81058F-FBEF-4916-83C7-5E667BC6C78B}.Release|Any CPU.Build.0 = Release|Any CPU
		{5BBA7B3B-C3D3-46DE-A59F-CF5E3C95D7A5}.Debug|Any CPU.ActiveCfg = Debug|Any CPU
		{5BBA7B3B-C3D3-46DE-A59F-CF5E3C95D7A5}.Debug|Any CPU.Build.0 = Debug|Any CPU
		{5BBA7B3B-C3D3-46DE-A59F-CF5E3C95D7A5}.Release|Any CPU.ActiveCfg = Release|Any CPU
		{5BBA7B3B-C3D3-46DE-A59F-CF5E3C95D7A5}.Release|Any CPU.Build.0 = Release|Any CPU
		{6DB15ED4-6C11-4F93-A46F-A7D3AE10F569}.Debug|Any CPU.ActiveCfg = Debug|Any CPU
		{6DB15ED4-6C11-4F93-A46F-A7D3AE10F569}.Debug|Any CPU.Build.0 = Debug|Any CPU
		{6DB15ED4-6C11-4F93-A46F-A7D3AE10F569}.Release|Any CPU.ActiveCfg = Release|Any CPU
		{6DB15ED4-6C11-4F93-A46F-A7D3AE10F569}.Release|Any CPU.Build.0 = Release|Any CPU
		{596F5A16-AC2E-4FE8-9FF7-57FB1B1CBF2B}.Debug|Any CPU.ActiveCfg = Debug|Any CPU
		{596F5A16-AC2E-4FE8-9FF7-57FB1B1CBF2B}.Debug|Any CPU.Build.0 = Debug|Any CPU
		{596F5A16-AC2E-4FE8-9FF7-57FB1B1CBF2B}.Release|Any CPU.ActiveCfg = Release|Any CPU
		{596F5A16-AC2E-4FE8-9FF7-57FB1B1CBF2B}.Release|Any CPU.Build.0 = Release|Any CPU
		{9C7C5E40-81E0-41B2-ABED-40F76E492CD0}.Debug|Any CPU.ActiveCfg = Debug|Any CPU
		{9C7C5E40-81E0-41B2-ABED-40F76E492CD0}.Debug|Any CPU.Build.0 = Debug|Any CPU
		{9C7C5E40-81E0-41B2-ABED-40F76E492CD0}.Release|Any CPU.ActiveCfg = Release|Any CPU
		{9C7C5E40-81E0-41B2-ABED-40F76E492CD0}.Release|Any CPU.Build.0 = Release|Any CPU
		{EA173C81-8C1F-4695-9473-3611139504B6}.Debug|Any CPU.ActiveCfg = Debug|Any CPU
		{EA173C81-8C1F-4695-9473-3611139504B6}.Debug|Any CPU.Build.0 = Debug|Any CPU
		{EA173C81-8C1F-4695-9473-3611139504B6}.Release|Any CPU.ActiveCfg = Release|Any CPU
		{EA173C81-8C1F-4695-9473-3611139504B6}.Release|Any CPU.Build.0 = Release|Any CPU
		{07EEB473-36A0-40E3-B0D2-E53016DDD4CB}.Debug|Any CPU.ActiveCfg = Debug|Any CPU
		{07EEB473-36A0-40E3-B0D2-E53016DDD4CB}.Debug|Any CPU.Build.0 = Debug|Any CPU
		{07EEB473-36A0-40E3-B0D2-E53016DDD4CB}.Release|Any CPU.ActiveCfg = Release|Any CPU
		{07EEB473-36A0-40E3-B0D2-E53016DDD4CB}.Release|Any CPU.Build.0 = Release|Any CPU
		{CDFC72A3-FE1B-4ADA-9D12-87F3E3F9D738}.Debug|Any CPU.ActiveCfg = Debug|Any CPU
		{CDFC72A3-FE1B-4ADA-9D12-87F3E3F9D738}.Debug|Any CPU.Build.0 = Debug|Any CPU
		{CDFC72A3-FE1B-4ADA-9D12-87F3E3F9D738}.Release|Any CPU.ActiveCfg = Release|Any CPU
		{CDFC72A3-FE1B-4ADA-9D12-87F3E3F9D738}.Release|Any CPU.Build.0 = Release|Any CPU
		{22769633-90EB-449B-8C82-D0EE2954AA7A}.Debug|Any CPU.ActiveCfg = Debug|Any CPU
		{22769633-90EB-449B-8C82-D0EE2954AA7A}.Debug|Any CPU.Build.0 = Debug|Any CPU
		{22769633-90EB-449B-8C82-D0EE2954AA7A}.Release|Any CPU.ActiveCfg = Release|Any CPU
		{22769633-90EB-449B-8C82-D0EE2954AA7A}.Release|Any CPU.Build.0 = Release|Any CPU
		{8900854C-53B3-42DC-94F6-EC66EA99379D}.Debug|Any CPU.ActiveCfg = Debug|Any CPU
		{8900854C-53B3-42DC-94F6-EC66EA99379D}.Debug|Any CPU.Build.0 = Debug|Any CPU
		{8900854C-53B3-42DC-94F6-EC66EA99379D}.Release|Any CPU.ActiveCfg = Release|Any CPU
		{8900854C-53B3-42DC-94F6-EC66EA99379D}.Release|Any CPU.Build.0 = Release|Any CPU
		{E6296B01-9558-4FC1-837D-449FC83F2499}.Debug|Any CPU.ActiveCfg = Debug|Any CPU
		{E6296B01-9558-4FC1-837D-449FC83F2499}.Debug|Any CPU.Build.0 = Debug|Any CPU
		{E6296B01-9558-4FC1-837D-449FC83F2499}.Release|Any CPU.ActiveCfg = Release|Any CPU
		{E6296B01-9558-4FC1-837D-449FC83F2499}.Release|Any CPU.Build.0 = Release|Any CPU
		{81269218-3EC2-4705-9C60-72A89E4E4FA1}.Debug|Any CPU.ActiveCfg = Debug|Any CPU
		{81269218-3EC2-4705-9C60-72A89E4E4FA1}.Debug|Any CPU.Build.0 = Debug|Any CPU
		{81269218-3EC2-4705-9C60-72A89E4E4FA1}.Release|Any CPU.ActiveCfg = Release|Any CPU
		{81269218-3EC2-4705-9C60-72A89E4E4FA1}.Release|Any CPU.Build.0 = Release|Any CPU
	EndGlobalSection
	GlobalSection(SolutionProperties) = preSolution
		HideSolutionNode = FALSE
	EndGlobalSection
	GlobalSection(ExtensibilityGlobals) = postSolution
		SolutionGuid = {F26C8F41-C84C-4510-B89B-F6E0B4CB24BB}
	EndGlobalSection
EndGlobal
